
Microsoft Visual Studio Solution File, Format Version 12.00
# Visual Studio Version 17
VisualStudioVersion = 17.11.35327.3
MinimumVisualStudioVersion = 10.0.40219.1
Project("{9A19103F-16F7-4668-BE54-9A1E7A4F7556}") = "ConsoleApp31", "ConsoleApp31\ConsoleApp31.csproj", "{DC3FC923-2351-4CFE-9BD4-97269C2D2CB4}"
EndProject
Project("{FAE04EC0-301F-11D3-BF4B-00C04F79EFBC}") = "WinFormsApp1", "WinFormsApp1\WinFormsApp1.csproj", "{F7107673-65F4-4432-BA4E-00F023C7290B}"
EndProject
Project("{FAE04EC0-301F-11D3-BF4B-00C04F79EFBC}") = "TestProject1", "TestProject1\TestProject1.csproj", "{A4412513-AA9B-49E5-85DA-86EBD79D5C09}"
EndProject
Global
	GlobalSection(SolutionConfigurationPlatforms) = preSolution
		Debug|Any CPU = Debug|Any CPU
		Release|Any CPU = Release|Any CPU
	EndGlobalSection
	GlobalSection(ProjectConfigurationPlatforms) = postSolution
		{DC3FC923-2351-4CFE-9BD4-97269C2D2CB4}.Debug|Any CPU.ActiveCfg = Debug|Any CPU
		{DC3FC923-2351-4CFE-9BD4-97269C2D2CB4}.Debug|Any CPU.Build.0 = Debug|Any CPU
		{DC3FC923-2351-4CFE-9BD4-97269C2D2CB4}.Release|Any CPU.ActiveCfg = Release|Any CPU
		{DC3FC923-2351-4CFE-9BD4-97269C2D2CB4}.Release|Any CPU.Build.0 = Release|Any CPU
		{F7107673-65F4-4432-BA4E-00F023C7290B}.Debug|Any CPU.ActiveCfg = Debug|Any CPU
		{F7107673-65F4-4432-BA4E-00F023C7290B}.Debug|Any CPU.Build.0 = Debug|Any CPU
		{F7107673-65F4-4432-BA4E-00F023C7290B}.Release|Any CPU.ActiveCfg = Release|Any CPU
		{F7107673-65F4-4432-BA4E-00F023C7290B}.Release|Any CPU.Build.0 = Release|Any CPU
		{A4412513-AA9B-49E5-85DA-86EBD79D5C09}.Debug|Any CPU.ActiveCfg = Debug|Any CPU
		{A4412513-AA9B-49E5-85DA-86EBD79D5C09}.Debug|Any CPU.Build.0 = Debug|Any CPU
		{A4412513-AA9B-49E5-85DA-86EBD79D5C09}.Release|Any CPU.ActiveCfg = Release|Any CPU
		{A4412513-AA9B-49E5-85DA-86EBD79D5C09}.Release|Any CPU.Build.0 = Release|Any CPU
	EndGlobalSection
	GlobalSection(SolutionProperties) = preSolution
		HideSolutionNode = FALSE
	EndGlobalSection
	GlobalSection(ExtensibilityGlobals) = postSolution
		SolutionGuid = {02917C7F-0A47-4056-B0C7-BC8A04D6B473}
	EndGlobalSection
EndGlobal
